{
  "version": 4,
  "terraform_version": "1.7.5",
  "serial": 42,
  "lineage": "11111111-1111-1111-1111-111111111111",
  "outputs": {},
  "resources": [
    {
      "mode": "managed",
      "type": "aws_lb",
      "name": "public",
      "provider": "provider[\"registry.terraform.io/hashicorp/aws\"]",
      "instances": [
        {
          "schema_version": 0,
          "attributes": {
            "arn": "arn:aws:elasticloadbalancing:eu-central-1:123456789012:loadbalancer/app/alb-public-prod/aaaa1111bbbb2222",
            "name": "alb-public-prod",
            "internal": false,
            "load_balancer_type": "application",
            "dns_name": "alb-public-prod-1234567890.eu-central-1.elb.amazonaws.com",
            "access_logs": [
              { "bucket": "acme-alb-logs-prod", "enabled": true, "prefix": "alb-public" }
            ],
            "tags": { "Name": "alb-public-prod", "env": "prod", "service": "edge" }
          },
          "dependencies": []
        }
      ]
    },
    {
      "mode": "managed",
      "type": "aws_lb_target_group",
      "name": "nginx",
      "provider": "provider[\"registry.terraform.io/hashicorp/aws\"]",
      "instances": [
        {
          "schema_version": 0,
          "attributes": {
            "arn": "arn:aws:elasticloadbalancing:eu-central-1:123456789012:targetgroup/tg-nginx-prod/cccc3333dddd4444",
            "name": "tg-nginx-prod",
            "port": 443,
            "protocol": "HTTPS",
            "target_type": "instance",
            "vpc_id": "vpc-0aa1bb2cc3dd4ee5f",
            "tags": { "env": "prod", "service": "nginx" }
          },
          "dependencies": []
        }
      ]
    },
    {
      "mode": "managed",
      "type": "aws_lb_listener",
      "name": "https",
      "provider": "provider[\"registry.terraform.io/hashicorp/aws\"]",
      "instances": [
        {
          "schema_version": 0,
          "attributes": {
            "arn": "arn:aws:elasticloadbalancing:eu-central-1:123456789012:listener/app/alb-public-prod/aaaa1111bbbb2222/eeee5555",
            "load_balancer_arn": "arn:aws:elasticloadbalancing:eu-central-1:123456789012:loadbalancer/app/alb-public-prod/aaaa1111bbbb2222",
            "port": 443,
            "protocol": "HTTPS",
            "default_action": [
              {
                "type": "forward",
                "target_group_arn": "arn:aws:elasticloadbalancing:eu-central-1:123456789012:targetgroup/tg-nginx-prod/cccc3333dddd4444"
              }
            ]
          },
          "dependencies": ["aws_lb.public", "aws_lb_target_group.nginx"]
        }
      ]
    },
    {
      "mode": "managed",
      "type": "aws_glue_catalog_table",
      "name": "alb_logs",
      "provider": "provider[\"registry.terraform.io/hashicorp/aws\"]",
      "instances": [
        {
          "schema_version": 0,
          "attributes": {
            "arn": "arn:aws:glue:eu-central-1:123456789012:table/logs_prod/alb_logs",
            "name": "alb_logs",
            "database_name": "logs_prod",
            "table_type": "EXTERNAL_TABLE",
            "parameters": { "classification": "csv", "log_type": "alb" },
            "storage_descriptor": [
              { "location": "s3://acme-alb-logs-prod/alb-public/AWSLogs/123456789012/elasticloadbalancing/" }
            ],
            "partition_keys": [ { "name": "day", "type": "string" } ]
          },
          "dependencies": []
        }
      ]
    },
    {
      "mode": "data",
      "type": "aws_caller_identity",
      "name": "current",
      "provider": "provider[\"registry.terraform.io/hashicorp/aws\"]",
      "instances": [
        { "schema_version": 0, "attributes": { "account_id": "123456789012" } }
      ]
    }
  ]
}
