{
  "version": 4,
  "terraform_version": "1.7.5",
  "serial": 187,
  "lineage": "22222222-2222-2222-2222-222222222222",
  "outputs": {},
  "resources": [
    {
      "mode": "managed",
      "type": "aws_ecs_service",
      "name": "backend",
      "provider": "provider[\"registry.terraform.io/hashicorp/aws\"]",
      "instances": [
        {
          "schema_version": 0,
          "attributes": {
            "id": "arn:aws:ecs:eu-central-1:123456789012:service/prod/backend",
            "name": "backend",
            "cluster": "arn:aws:ecs:eu-central-1:123456789012:cluster/prod",
            "desired_count": 3,
            "launch_type": "FARGATE",
            "task_definition": "arn:aws:ecs:eu-central-1:123456789012:task-definition/backend-prod:57",
            "load_balancer": [
              {
                "container_name": "backend",
                "container_port": 8080,
                "target_group_arn": "arn:aws:elasticloadbalancing:eu-central-1:123456789012:targetgroup/tg-nginx-prod/cccc3333dddd4444"
              }
            ],
            "tags": { "env": "prod", "service": "backend" }
          },
          "dependencies": ["aws_ecs_task_definition.backend"]
        }
      ]
    },
    {
      "mode": "managed",
      "type": "aws_ecs_task_definition",
      "name": "backend",
      "provider": "provider[\"registry.terraform.io/hashicorp/aws\"]",
      "instances": [
        {
          "schema_version": 1,
          "attributes": {
            "arn": "arn:aws:ecs:eu-central-1:123456789012:task-definition/backend-prod:57",
            "family": "backend-prod",
            "revision": 57,
            "container_definitions": "[{\"name\":\"backend\",\"image\":\"123456789012.dkr.ecr.eu-central-1.amazonaws.com/backend:2026.06.01\",\"portMappings\":[{\"containerPort\":8080}],\"logConfiguration\":{\"logDriver\":\"awslogs\",\"options\":{\"awslogs-group\":\"/ecs/backend-prod\",\"awslogs-region\":\"eu-central-1\",\"awslogs-stream-prefix\":\"backend\"}}}]",
            "tags": { "env": "prod", "service": "backend" }
          },
          "dependencies": ["aws_cloudwatch_log_group.backend"]
        }
      ]
    },
    {
      "mode": "managed",
      "type": "aws_cloudwatch_log_group",
      "name": "backend",
      "provider": "provider[\"registry.terraform.io/hashicorp/aws\"]",
      "instances": [
        {
          "schema_version": 0,
          "attributes": {
            "arn": "arn:aws:logs:eu-central-1:123456789012:log-group:/ecs/backend-prod",
            "name": "/ecs/backend-prod",
            "retention_in_days": 30,
            "tags": { "env": "prod", "service": "backend" }
          },
          "dependencies": []
        }
      ]
    },
    {
      "mode": "managed",
      "type": "aws_sqs_queue",
      "name": "report_jobs",
      "provider": "provider[\"registry.terraform.io/hashicorp/aws\"]",
      "instances": [
        {
          "schema_version": 0,
          "attributes": {
            "arn": "arn:aws:sqs:eu-central-1:123456789012:report-jobs-prod",
            "name": "report-jobs-prod",
            "url": "https://sqs.eu-central-1.amazonaws.com/123456789012/report-jobs-prod",
            "tags": { "env": "prod", "service": "reports" }
          },
          "dependencies": []
        }
      ]
    },
    {
      "module": "module.report_worker",
      "mode": "managed",
      "type": "aws_lambda_function",
      "name": "worker",
      "provider": "provider[\"registry.terraform.io/hashicorp/aws\"]",
      "instances": [
        {
          "schema_version": 0,
          "attributes": {
            "arn": "arn:aws:lambda:eu-central-1:123456789012:function:report-worker-prod",
            "function_name": "report-worker-prod",
            "runtime": "python3.12",
            "timeout": 300,
            "logging_config": [
              { "log_format": "JSON", "log_group": "/aws/lambda/report-worker-prod" }
            ],
            "tags": { "env": "prod", "service": "reports" }
          },
          "dependencies": []
        }
      ]
    },
    {
      "module": "module.report_worker",
      "mode": "managed",
      "type": "aws_cloudwatch_log_group",
      "name": "worker",
      "provider": "provider[\"registry.terraform.io/hashicorp/aws\"]",
      "instances": [
        {
          "schema_version": 0,
          "attributes": {
            "arn": "arn:aws:logs:eu-central-1:123456789012:log-group:/aws/lambda/report-worker-prod",
            "name": "/aws/lambda/report-worker-prod",
            "retention_in_days": 14,
            "tags": { "env": "prod", "service": "reports" }
          },
          "dependencies": []
        }
      ]
    },
    {
      "module": "module.report_worker",
      "mode": "managed",
      "type": "aws_lambda_event_source_mapping",
      "name": "sqs",
      "provider": "provider[\"registry.terraform.io/hashicorp/aws\"]",
      "instances": [
        {
          "schema_version": 0,
          "attributes": {
            "uuid": "33333333-aaaa-bbbb-cccc-444444444444",
            "event_source_arn": "arn:aws:sqs:eu-central-1:123456789012:report-jobs-prod",
            "function_name": "arn:aws:lambda:eu-central-1:123456789012:function:report-worker-prod",
            "batch_size": 10,
            "enabled": true
          },
          "dependencies": ["module.report_worker.aws_lambda_function.worker", "aws_sqs_queue.report_jobs"]
        }
      ]
    },
    {
      "mode": "managed",
      "type": "aws_cloudwatch_event_rule",
      "name": "nightly_reports",
      "provider": "provider[\"registry.terraform.io/hashicorp/aws\"]",
      "instances": [
        {
          "schema_version": 0,
          "attributes": {
            "arn": "arn:aws:events:eu-central-1:123456789012:rule/nightly-reports-prod",
            "name": "nightly-reports-prod",
            "schedule_expression": "cron(0 3 * * ? *)",
            "description": "Enqueue nightly report jobs at 03:00 UTC",
            "tags": { "env": "prod", "service": "reports" }
          },
          "dependencies": []
        }
      ]
    },
    {
      "mode": "managed",
      "type": "aws_cloudwatch_event_target",
      "name": "nightly_reports_to_queue",
      "provider": "provider[\"registry.terraform.io/hashicorp/aws\"]",
      "instances": [
        {
          "schema_version": 0,
          "attributes": {
            "rule": "nightly-reports-prod",
            "arn": "arn:aws:sqs:eu-central-1:123456789012:report-jobs-prod",
            "target_id": "report-queue"
          },
          "dependencies": ["aws_cloudwatch_event_rule.nightly_reports", "aws_sqs_queue.report_jobs"]
        }
      ]
    },
    {
      "mode": "managed",
      "type": "aws_db_instance",
      "name": "appdb",
      "provider": "provider[\"registry.terraform.io/hashicorp/aws\"]",
      "instances": [
        {
          "schema_version": 2,
          "attributes": {
            "arn": "arn:aws:rds:eu-central-1:123456789012:db:appdb-prod",
            "identifier": "appdb-prod",
            "engine": "postgres",
            "engine_version": "16.3",
            "instance_class": "db.r6g.large",
            "tags": { "env": "prod", "service": "backend" }
          },
          "dependencies": []
        }
      ]
    },
    {
      "mode": "managed",
      "type": "aws_appautoscaling_target",
      "name": "backend_scaling",
      "provider": "provider[\"registry.terraform.io/hashicorp/aws\"]",
      "instances": [
        {
          "schema_version": 0,
          "attributes": {
            "resource_id": "service/prod/backend",
            "scalable_dimension": "ecs:service:DesiredCount",
            "min_capacity": 3,
            "max_capacity": 12
          },
          "dependencies": ["aws_ecs_service.backend"]
        }
      ]
    }
  ]
}
